
Microsoft Visual Studio Solution File, Format Version 12.00
# Visual Studio Version 17
VisualStudioVersion = 17.14.36429.23 d17.14
MinimumVisualStudioVersion = 10.0.40219.1
Project("{FAE04EC0-301F-11D3-BF4B-00C04F79EFBC}") = "uranium", "uranium.csproj", "{42230B4A-6A00-47EF-AB8D-2DE6A82CD14D}"
EndProject
Global
	GlobalSection(SolutionConfigurationPlatforms) = preSolution
		Debug|Any CPU = Debug|Any CPU
		Release|Any CPU = Release|Any CPU
	EndGlobalSection
	GlobalSection(ProjectConfigurationPlatforms) = postSolution
		{42230B4A-6A00-47EF-AB8D-2DE6A82CD14D}.Debug|Any CPU.ActiveCfg = Debug|Any CPU
		{42230B4A-6A00-47EF-AB8D-2DE6A82CD14D}.Debug|Any CPU.Build.0 = Debug|Any CPU
		{42230B4A-6A00-47EF-AB8D-2DE6A82CD14D}.Release|Any CPU.ActiveCfg = Release|Any CPU
		{42230B4A-6A00-47EF-AB8D-2DE6A82CD14D}.Release|Any CPU.Build.0 = Release|Any CPU
	EndGlobalSection
	GlobalSection(SolutionProperties) = preSolution
		HideSolutionNode = FALSE
	EndGlobalSection
	GlobalSection(ExtensibilityGlobals) = postSolution
		SolutionGuid = {1661575F-6D03-4BD4-BD37-0ED3C03BF0D9}
	EndGlobalSection
EndGlobal
